
Microsoft Visual Studio Solution File, Format Version 12.00
# Visual Studio Version 17
VisualStudioVersion = 17.14.36930.0
MinimumVisualStudioVersion = 10.0.40219.1
Project("{FAE04EC0-301F-11D3-BF4B-00C04F79EFBC}") = "darkness-incoming", "src\darkness-incoming\darkness-incoming.csproj", "{98BA00F1-7021-488C-858D-F45FFD99E10F}"
EndProject
Global
	GlobalSection(SolutionConfigurationPlatforms) = preSolution
		Debug|Any CPU = Debug|Any CPU
		Release|Any CPU = Release|Any CPU
	EndGlobalSection
	GlobalSection(ProjectConfigurationPlatforms) = postSolution
		{98BA00F1-7021-488C-858D-F45FFD99E10F}.Debug|Any CPU.ActiveCfg = Debug|Any CPU
		{98BA00F1-7021-488C-858D-F45FFD99E10F}.Debug|Any CPU.Build.0 = Debug|Any CPU
		{98BA00F1-7021-488C-858D-F45FFD99E10F}.Release|Any CPU.ActiveCfg = Release|Any CPU
		{98BA00F1-7021-488C-858D-F45FFD99E10F}.Release|Any CPU.Build.0 = Release|Any CPU
	EndGlobalSection
	GlobalSection(SolutionProperties) = preSolution
		HideSolutionNode = FALSE
	EndGlobalSection
	GlobalSection(ExtensibilityGlobals) = postSolution
		SolutionGuid = {56A5F5B4-0C8C-4D52-A0BB-90F429CCD0BD}
	EndGlobalSection
EndGlobal
